schema: '2.0'
stages:
  data_ingestion:
    cmd: python src/data/data_ingestion.py
    deps:
    - path: src/data/data_ingestion.py
      hash: md5
      md5: 38cdf40ef9a630ad6176f7d915c341c3
      size: 4273
    params:
      params.yaml:
        data_ingestion.test_size: 0.2
    outs:
    - path: data/raw
      hash: md5
      md5: c5f3a188f2eeb98b3233efbd5456b278.dir
      size: 14156327
      nfiles: 2
  data_preprocessing:
    cmd: python src/data/data_preprocessing.py
    deps:
    - path: data/raw/test.csv
      hash: md5
      md5: af63ec7c09223258da1885fa726d73ff
      size: 2808000
    - path: data/raw/train.csv
      hash: md5
      md5: 8be7e1375fc34d99d2fd2a2d8ca41872
      size: 11348327
    - path: src/data/data_preprocessing.py
      hash: md5
      md5: 3243d7882e5f1b0f0fbdc335d09761e4
      size: 3814
    outs:
    - path: data/interim
      hash: md5
      md5: 8ce61cc37afea661655ae931b49eed7f.dir
      size: 14150211
      nfiles: 2
  model_building:
    cmd: python src/model/model_building.py
    deps:
    - path: data/interim/train_processed.csv
      hash: md5
      md5: 0cc76b1c2715b4470addafee7694a993
      size: 11343463
    - path: src/model/model_building.py
      hash: md5
      md5: 88c882fc626e7407113cd923c4591132
      size: 5628
    params:
      params.yaml:
        model_building.learning_rate: 0.09
        model_building.max_depth: 20
        model_building.max_features: 1000
        model_building.n_estimators: 367
        model_building.ngram_range:
        - 1
        - 3
    outs:
    - path: lgbm_model.pkl
      hash: md5
      md5: d4c59343c2e5e3893ebe8384bd07e090
      size: 3906578
    - path: tfidf_vectorizer.pkl
      hash: md5
      md5: 1996f1011521832f9efac71f730e9c9c
      size: 36842
  model_evaluation:
    cmd: python src/model/model_evaluation.py
    deps:
    - path: data/interim/test_processed.csv
      hash: md5
      md5: 79fd375178207c5c5b384a1ff7bce391
      size: 2806748
    - path: data/interim/train_processed.csv
      hash: md5
      md5: 0cc76b1c2715b4470addafee7694a993
      size: 11343463
    - path: lgbm_model.pkl
      hash: md5
      md5: d4c59343c2e5e3893ebe8384bd07e090
      size: 3906578
    - path: src/model/model_evaluation.py
      hash: md5
      md5: 035f2c3c2a0a0ea9655487aac2660ab1
      size: 7688
    - path: tfidf_vectorizer.pkl
      hash: md5
      md5: 1996f1011521832f9efac71f730e9c9c
      size: 36842
    outs:
    - path: experiment_info.json
      hash: md5
      md5: ffb8bd63480aa7bdf1164b0c35a81f50
      size: 87
  model_registration:
    cmd: python src/model/register_model.py
    deps:
    - path: experiment_info.json
      hash: md5
      md5: ffb8bd63480aa7bdf1164b0c35a81f50
      size: 87
    - path: src/model/register_model.py
      hash: md5
      md5: f2a9fe5ec5a32e3eff957d91be96cd71
      size: 2588
